// !$*UTF8*$!
{
	archiveVersion = 1;
	classes = {
	};
	objectVersion = 46;
	objects = {

/* Begin PBXBuildFile section */
		E86D79D7FDBB598EF759C7DE /* Pods_ImageLoader.framework in Frameworks */ = {isa = PBXBuildFile; fileRef = 3186A34C6413C072E709881C /* Pods_ImageLoader.framework */; };
		F909183C1D5BB32400289B1A /* NetworkService.swift in Sources */ = {isa = PBXBuildFile; fileRef = F909183B1D5BB32400289B1A /* NetworkService.swift */; };
		F90918401D5BCA1B00289B1A /* ImageViewController.swift in Sources */ = {isa = PBXBuildFile; fileRef = F909183F1D5BCA1B00289B1A /* ImageViewController.swift */; };
		F9F0B9021D5BA0F500490E42 /* AppDelegate.swift in Sources */ = {isa = PBXBuildFile; fileRef = F9F0B9011D5BA0F500490E42 /* AppDelegate.swift */; };
		F9F0B9041D5BA0F500490E42 /* GetUrlViewController.swift in Sources */ = {isa = PBXBuildFile; fileRef = F9F0B9031D5BA0F500490E42 /* GetUrlViewController.swift */; };
		F9F0B9071D5BA0F500490E42 /* Main.storyboard in Resources */ = {isa = PBXBuildFile; fileRef = F9F0B9051D5BA0F500490E42 /* Main.storyboard */; };
		F9F0B9091D5BA0F500490E42 /* Assets.xcassets in Resources */ = {isa = PBXBuildFile; fileRef = F9F0B9081D5BA0F500490E42 /* Assets.xcassets */; };
		F9F0B90C1D5BA0F500490E42 /* LaunchScreen.storyboard in Resources */ = {isa = PBXBuildFile; fileRef = F9F0B90A1D5BA0F500490E42 /* LaunchScreen.storyboard */; };
		F9F0B9171D5BA0F500490E42 /* ImageLoaderTests.swift in Sources */ = {isa = PBXBuildFile; fileRef = F9F0B9161D5BA0F500490E42 /* ImageLoaderTests.swift */; };
		F9F0B9221D5BA0F500490E42 /* ImageLoaderUITests.swift in Sources */ = {isa = PBXBuildFile; fileRef = F9F0B9211D5BA0F500490E42 /* ImageLoaderUITests.swift */; };
/* End PBXBuildFile section */

/* Begin PBXContainerItemProxy section */
		F9F0B9131D5BA0F500490E42 /* PBXContainerItemProxy */ = {
			isa = PBXContainerItemProxy;
			containerPortal = F9F0B8F61D5BA0F500490E42 /* Project object */;
			proxyType = 1;
			remoteGlobalIDString = F9F0B8FD1D5BA0F500490E42;
			remoteInfo = ImageLoader;
		};
		F9F0B91E1D5BA0F500490E42 /* PBXContainerItemProxy */ = {
			isa = PBXContainerItemProxy;
			containerPortal = F9F0B8F61D5BA0F500490E42 /* Project object */;
			proxyType = 1;
			remoteGlobalIDString = F9F0B8FD1D5BA0F500490E42;
			remoteInfo = ImageLoader;
		};
/* End PBXContainerItemProxy section */

/* Begin PBXFileReference section */
		1D8DB443A49A46A083261F09 /* Pods-ImageLoader.release.xcconfig */ = {isa = PBXFileReference; includeInIndex = 1; lastKnownFileType = text.xcconfig; name = "Pods-ImageLoader.release.xcconfig"; path = "Pods/Target Support Files/Pods-ImageLoader/Pods-ImageLoader.release.xcconfig"; sourceTree = "<group>"; };
		3186A34C6413C072E709881C /* Pods_ImageLoader.framework */ = {isa = PBXFileReference; explicitFileType = wrapper.framework; includeInIndex = 0; path = Pods_ImageLoader.framework; sourceTree = BUILT_PRODUCTS_DIR; };
		69D600522E027228916A88ED /* Pods-ImageLoader.debug.xcconfig */ = {isa = PBXFileReference; includeInIndex = 1; lastKnownFileType = text.xcconfig; name = "Pods-ImageLoader.debug.xcconfig"; path = "Pods/Target Support Files/Pods-ImageLoader/Pods-ImageLoader.debug.xcconfig"; sourceTree = "<group>"; };
		F909183B1D5BB32400289B1A /* NetworkService.swift */ = {isa = PBXFileReference; fileEncoding = 4; lastKnownFileType = sourcecode.swift; path = NetworkService.swift; sourceTree = "<group>"; };
		F909183F1D5BCA1B00289B1A /* ImageViewController.swift */ = {isa = PBXFileReference; fileEncoding = 4; lastKnownFileType = sourcecode.swift; path = ImageViewController.swift; sourceTree = SOURCE_ROOT; };
		F9F0B8FE1D5BA0F500490E42 /* ImageLoader.app */ = {isa = PBXFileReference; explicitFileType = wrapper.application; includeInIndex = 0; path = ImageLoader.app; sourceTree = BUILT_PRODUCTS_DIR; };
		F9F0B9011D5BA0F500490E42 /* AppDelegate.swift */ = {isa = PBXFileReference; lastKnownFileType = sourcecode.swift; path = AppDelegate.swift; sourceTree = "<group>"; };
		F9F0B9031D5BA0F500490E42 /* GetUrlViewController.swift */ = {isa = PBXFileReference; lastKnownFileType = sourcecode.swift; path = GetUrlViewController.swift; sourceTree = "<group>"; };
		F9F0B9061D5BA0F500490E42 /* Base */ = {isa = PBXFileReference; lastKnownFileType = file.storyboard; name = Base; path = Base.lproj/Main.storyboard; sourceTree = "<group>"; };
		F9F0B9081D5BA0F500490E42 /* Assets.xcassets */ = {isa = PBXFileReference; lastKnownFileType = folder.assetcatalog; path = Assets.xcassets; sourceTree = "<group>"; };
		F9F0B90B1D5BA0F500490E42 /* Base */ = {isa = PBXFileReference; lastKnownFileType = file.storyboard; name = Base; path = Base.lproj/LaunchScreen.storyboard; sourceTree = "<group>"; };
		F9F0B90D1D5BA0F500490E42 /* Info.plist */ = {isa = PBXFileReference; lastKnownFileType = text.plist.xml; path = Info.plist; sourceTree = "<group>"; };
		F9F0B9121D5BA0F500490E42 /* ImageLoaderTests.xctest */ = {isa = PBXFileReference; explicitFileType = wrapper.cfbundle; includeInIndex = 0; path = ImageLoaderTests.xctest; sourceTree = BUILT_PRODUCTS_DIR; };
		F9F0B9161D5BA0F500490E42 /* ImageLoaderTests.swift */ = {isa = PBXFileReference; lastKnownFileType = sourcecode.swift; path = ImageLoaderTests.swift; sourceTree = "<group>"; };
		F9F0B9181D5BA0F500490E42 /* Info.plist */ = {isa = PBXFileReference; lastKnownFileType = text.plist.xml; path = Info.plist; sourceTree = "<group>"; };
		F9F0B91D1D5BA0F500490E42 /* ImageLoaderUITests.xctest */ = {isa = PBXFileReference; explicitFileType = wrapper.cfbundle; includeInIndex = 0; path = ImageLoaderUITests.xctest; sourceTree = BUILT_PRODUCTS_DIR; };
		F9F0B9211D5BA0F500490E42 /* ImageLoaderUITests.swift */ = {isa = PBXFileReference; lastKnownFileType = sourcecode.swift; path = ImageLoaderUITests.swift; sourceTree = "<group>"; };
		F9F0B9231D5BA0F500490E42 /* Info.plist */ = {isa = PBXFileReference; lastKnownFileType = text.plist.xml; path = Info.plist; sourceTree = "<group>"; };
/* End PBXFileReference section */

/* Begin PBXFrameworksBuildPhase section */
		F9F0B8FB1D5BA0F500490E42 /* Frameworks */ = {
			isa = PBXFrameworksBuildPhase;
			buildActionMask = 2147483647;
			files = (
				E86D79D7FDBB598EF759C7DE /* Pods_ImageLoader.framework in Frameworks */,
			);
			runOnlyForDeploymentPostprocessing = 0;
		};
		F9F0B90F1D5BA0F500490E42 /* Frameworks */ = {
			isa = PBXFrameworksBuildPhase;
			buildActionMask = 2147483647;
			files = (
			);
			runOnlyForDeploymentPostprocessing = 0;
		};
		F9F0B91A1D5BA0F500490E42 /* Frameworks */ = {
			isa = PBXFrameworksBuildPhase;
			buildActionMask = 2147483647;
			files = (
			);
			runOnlyForDeploymentPostprocessing = 0;
		};
/* End PBXFrameworksBuildPhase section */

/* Begin PBXGroup section */
		3D1B3F1C74FC8CCBA0B847E5 /* Pods */ = {
			isa = PBXGroup;
			children = (
				69D600522E027228916A88ED /* Pods-ImageLoader.debug.xcconfig */,
				1D8DB443A49A46A083261F09 /* Pods-ImageLoader.release.xcconfig */,
			);
			name = Pods;
			sourceTree = "<group>";
		};
		4FC81318C089F0DD39FBD5A1 /* Frameworks */ = {
			isa = PBXGroup;
			children = (
				3186A34C6413C072E709881C /* Pods_ImageLoader.framework */,
			);
			name = Frameworks;
			sourceTree = "<group>";
		};
		F9F0B8F51D5BA0F500490E42 = {
			isa = PBXGroup;
			children = (
				F9F0B9001D5BA0F500490E42 /* ImageLoader */,
				F9F0B9151D5BA0F500490E42 /* ImageLoaderTests */,
				F9F0B9201D5BA0F500490E42 /* ImageLoaderUITests */,
				F9F0B8FF1D5BA0F500490E42 /* Products */,
				3D1B3F1C74FC8CCBA0B847E5 /* Pods */,
				4FC81318C089F0DD39FBD5A1 /* Frameworks */,
			);
			sourceTree = "<group>";
		};
		F9F0B8FF1D5BA0F500490E42 /* Products */ = {
			isa = PBXGroup;
			children = (
				F9F0B8FE1D5BA0F500490E42 /* ImageLoader.app */,
				F9F0B9121D5BA0F500490E42 /* ImageLoaderTests.xctest */,
				F9F0B91D1D5BA0F500490E42 /* ImageLoaderUITests.xctest */,
			);
			name = Products;
			sourceTree = "<group>";
		};
		F9F0B9001D5BA0F500490E42 /* ImageLoader */ = {
			isa = PBXGroup;
			children = (
				F9F0B9011D5BA0F500490E42 /* AppDelegate.swift */,
				F9F0B9031D5BA0F500490E42 /* GetUrlViewController.swift */,
				F9F0B9051D5BA0F500490E42 /* Main.storyboard */,
				F9F0B9081D5BA0F500490E42 /* Assets.xcassets */,
				F9F0B90A1D5BA0F500490E42 /* LaunchScreen.storyboard */,
				F9F0B90D1D5BA0F500490E42 /* Info.plist */,
				F909183B1D5BB32400289B1A /* NetworkService.swift */,
				F909183F1D5BCA1B00289B1A /* ImageViewController.swift */,
			);
			path = ImageLoader;
			sourceTree = "<group>";
		};
		F9F0B9151D5BA0F500490E42 /* ImageLoaderTests */ = {
			isa = PBXGroup;
			children = (
				F9F0B9161D5BA0F500490E42 /* ImageLoaderTests.swift */,
				F9F0B9181D5BA0F500490E42 /* Info.plist */,
			);
			path = ImageLoaderTests;
			sourceTree = "<group>";
		};
		F9F0B9201D5BA0F500490E42 /* ImageLoaderUITests */ = {
			isa = PBXGroup;
			children = (
				F9F0B9211D5BA0F500490E42 /* ImageLoaderUITests.swift */,
				F9F0B9231D5BA0F500490E42 /* Info.plist */,
			);
			path = ImageLoaderUITests;
			sourceTree = "<group>";
		};
/* End PBXGroup section */

/* Begin PBXNativeTarget section */
		F9F0B8FD1D5BA0F500490E42 /* ImageLoader */ = {
			isa = PBXNativeTarget;
			buildConfigurationList = F9F0B9261D5BA0F500490E42 /* Build configuration list for PBXNativeTarget "ImageLoader" */;
			buildPhases = (
				9B4C04D6E9490F3E47FD1640 /* [CP] Check Pods Manifest.lock */,
				F9F0B8FA1D5BA0F500490E42 /* Sources */,
				F9F0B8FB1D5BA0F500490E42 /* Frameworks */,
				F9F0B8FC1D5BA0F500490E42 /* Resources */,
				77C3E73C7476D617E31F2C05 /* [CP] Embed Pods Frameworks */,
				D08B1C70CFA89D1EDF59F561 /* [CP] Copy Pods Resources */,
			);
			buildRules = (
			);
			dependencies = (
			);
			name = ImageLoader;
			productName = ImageLoader;
			productReference = F9F0B8FE1D5BA0F500490E42 /* ImageLoader.app */;
			productType = "com.apple.product-type.application";
		};
		F9F0B9111D5BA0F500490E42 /* ImageLoaderTests */ = {
			isa = PBXNativeTarget;
			buildConfigurationList = F9F0B9291D5BA0F500490E42 /* Build configuration list for PBXNativeTarget "ImageLoaderTests" */;
			buildPhases = (
				F9F0B90E1D5BA0F500490E42 /* Sources */,
				F9F0B90F1D5BA0F500490E42 /* Frameworks */,
				F9F0B9101D5BA0F500490E42 /* Resources */,
			);
			buildRules = (
			);
			dependencies = (
				F9F0B9141D5BA0F500490E42 /* PBXTargetDependency */,
			);
			name = ImageLoaderTests;
			productName = ImageLoaderTests;
			productReference = F9F0B9121D5BA0F500490E42 /* ImageLoaderTests.xctest */;
			productType = "com.apple.product-type.bundle.unit-test";
		};
		F9F0B91C1D5BA0F500490E42 /* ImageLoaderUITests */ = {
			isa = PBXNativeTarget;
			buildConfigurationList = F9F0B92C1D5BA0F500490E42 /* Build configuration list for PBXNativeTarget "ImageLoaderUITests" */;
			buildPhases = (
				F9F0B9191D5BA0F500490E42 /* Sources */,
				F9F0B91A1D5BA0F500490E42 /* Frameworks */,
				F9F0B91B1D5BA0F500490E42 /* Resources */,
			);
			buildRules = (
			);
			dependencies = (
				F9F0B91F1D5BA0F500490E42 /* PBXTargetDependency */,
			);
			name = ImageLoaderUITests;
			productName = ImageLoaderUITests;
			productReference = F9F0B91D1D5BA0F500490E42 /* ImageLoaderUITests.xctest */;
			productType = "com.apple.product-type.bundle.ui-testing";
		};
/* End PBXNativeTarget section */

/* Begin PBXProject section */
		F9F0B8F61D5BA0F500490E42 /* Project object */ = {
			isa = PBXProject;
			attributes = {
				LastSwiftUpdateCheck = 0730;
				LastUpgradeCheck = 0730;
				ORGANIZATIONNAME = "Rohit Pal";
				TargetAttributes = {
					F9F0B8FD1D5BA0F500490E42 = {
						CreatedOnToolsVersion = 7.3.1;
					};
					F9F0B9111D5BA0F500490E42 = {
						CreatedOnToolsVersion = 7.3.1;
						TestTargetID = F9F0B8FD1D5BA0F500490E42;
					};
					F9F0B91C1D5BA0F500490E42 = {
						CreatedOnToolsVersion = 7.3.1;
						TestTargetID = F9F0B8FD1D5BA0F500490E42;
					};
				};
			};
			buildConfigurationList = F9F0B8F91D5BA0F500490E42 /* Build configuration list for PBXProject "ImageLoader" */;
			compatibilityVersion = "Xcode 3.2";
			developmentRegion = English;
			hasScannedForEncodings = 0;
			knownRegions = (
				en,
				Base,
			);
			mainGroup = F9F0B8F51D5BA0F500490E42;
			productRefGroup = F9F0B8FF1D5BA0F500490E42 /* Products */;
			projectDirPath = "";
			projectRoot = "";
			targets = (
				F9F0B8FD1D5BA0F500490E42 /* ImageLoader */,
				F9F0B9111D5BA0F500490E42 /* ImageLoaderTests */,
				F9F0B91C1D5BA0F500490E42 /* ImageLoaderUITests */,
			);
		};
/* End PBXProject section */

/* Begin PBXResourcesBuildPhase section */
		F9F0B8FC1D5BA0F500490E42 /* Resources */ = {
			isa = PBXResourcesBuildPhase;
			buildActionMask = 2147483647;
			files = (
				F9F0B90C1D5BA0F500490E42 /* LaunchScreen.storyboard in Resources */,
				F9F0B9091D5BA0F500490E42 /* Assets.xcassets in Resources */,
				F9F0B9071D5BA0F500490E42 /* Main.storyboard in Resources */,
			);
			runOnlyForDeploymentPostprocessing = 0;
		};
		F9F0B9101D5BA0F500490E42 /* Resources */ = {
			isa = PBXResourcesBuildPhase;
			buildActionMask = 2147483647;
			files = (
			);
			runOnlyForDeploymentPostprocessing = 0;
		};
		F9F0B91B1D5BA0F500490E42 /* Resources */ = {
			isa = PBXResourcesBuildPhase;
			buildActionMask = 2147483647;
			files = (
			);
			runOnlyForDeploymentPostprocessing = 0;
		};
/* End PBXResourcesBuildPhase section */

/* Begin PBXShellScriptBuildPhase section */
		77C3E73C7476D617E31F2C05 /* [CP] Embed Pods Frameworks */ = {
			isa = PBXShellScriptBuildPhase;
			buildActionMask = 2147483647;
			files = (
			);
			inputPaths = (
			);
			name = "[CP] Embed Pods Frameworks";
			outputPaths = (
			);
			runOnlyForDeploymentPostprocessing = 0;
			shellPath = /bin/sh;
			shellScript = "\"${SRCROOT}/Pods/Target Support Files/Pods-ImageLoader/Pods-ImageLoader-frameworks.sh\"\n";
			showEnvVarsInLog = 0;
		};
		9B4C04D6E9490F3E47FD1640 /* [CP] Check Pods Manifest.lock */ = {
			isa = PBXShellScriptBuildPhase;
			buildActionMask = 2147483647;
			files = (
			);
			inputPaths = (
			);
			name = "[CP] Check Pods Manifest.lock";
			outputPaths = (
			);
			runOnlyForDeploymentPostprocessing = 0;
			shellPath = /bin/sh;
			shellScript = "diff \"${PODS_ROOT}/../Podfile.lock\" \"${PODS_ROOT}/Manifest.lock\" > /dev/null\nif [[ $? != 0 ]] ; then\n    cat << EOM\nerror: The sandbox is not in sync with the Podfile.lock. Run 'pod install' or update your CocoaPods installation.\nEOM\n    exit 1\nfi\n";
			showEnvVarsInLog = 0;
		};
		D08B1C70CFA89D1EDF59F561 /* [CP] Copy Pods Resources */ = {
			isa = PBXShellScriptBuildPhase;
			buildActionMask = 2147483647;
			files = (
			);
			inputPaths = (
			);
			name = "[CP] Copy Pods Resources";
			outputPaths = (
			);
			runOnlyForDeploymentPostprocessing = 0;
			shellPath = /bin/sh;
			shellScript = "\"${SRCROOT}/Pods/Target Support Files/Pods-ImageLoader/Pods-ImageLoader-resources.sh\"\n";
			showEnvVarsInLog = 0;
		};
/* End PBXShellScriptBuildPhase section */

/* Begin PBXSourcesBuildPhase section */
		F9F0B8FA1D5BA0F500490E42 /* Sources */ = {
			isa = PBXSourcesBuildPhase;
			buildActionMask = 2147483647;
			files = (
				F9F0B9041D5BA0F500490E42 /* GetUrlViewController.swift in Sources */,
				F909183C1D5BB32400289B1A /* NetworkService.swift in Sources */,
				F90918401D5BCA1B00289B1A /* ImageViewController.swift in Sources */,
				F9F0B9021D5BA0F500490E42 /* AppDelegate.swift in Sources */,
			);
			runOnlyForDeploymentPostprocessing = 0;
		};
		F9F0B90E1D5BA0F500490E42 /* Sources */ = {
			isa = PBXSourcesBuildPhase;
			buildActionMask = 2147483647;
			files = (
				F9F0B9171D5BA0F500490E42 /* ImageLoaderTests.swift in Sources */,
			);
			runOnlyForDeploymentPostprocessing = 0;
		};
		F9F0B9191D5BA0F500490E42 /* Sources */ = {
			isa = PBXSourcesBuildPhase;
			buildActionMask = 2147483647;
			files = (
				F9F0B9221D5BA0F500490E42 /* ImageLoaderUITests.swift in Sources */,
			);
			runOnlyForDeploymentPostprocessing = 0;
		};
/* End PBXSourcesBuildPhase section */

/* Begin PBXTargetDependency section */
		F9F0B9141D5BA0F500490E42 /* PBXTargetDependency */ = {
			isa = PBXTargetDependency;
			target = F9F0B8FD1D5BA0F500490E42 /* ImageLoader */;
			targetProxy = F9F0B9131D5BA0F500490E42 /* PBXContainerItemProxy */;
		};
		F9F0B91F1D5BA0F500490E42 /* PBXTargetDependency */ = {
			isa = PBXTargetDependency;
			target = F9F0B8FD1D5BA0F500490E42 /* ImageLoader */;
			targetProxy = F9F0B91E1D5BA0F500490E42 /* PBXContainerItemProxy */;
		};
/* End PBXTargetDependency section */

/* Begin PBXVariantGroup section */
		F9F0B9051D5BA0F500490E42 /* Main.storyboard */ = {
			isa = PBXVariantGroup;
			children = (
				F9F0B9061D5BA0F500490E42 /* Base */,
			);
			name = Main.storyboard;
			sourceTree = "<group>";
		};
		F9F0B90A1D5BA0F500490E42 /* LaunchScreen.storyboard */ = {
			isa = PBXVariantGroup;
			children = (
				F9F0B90B1D5BA0F500490E42 /* Base */,
			);
			name = LaunchScreen.storyboard;
			sourceTree = "<group>";
		};
/* End PBXVariantGroup section */

/* Begin XCBuildConfiguration section */
		F9F0B9241D5BA0F500490E42 /* Debug */ = {
			isa = XCBuildConfiguration;
			buildSettings = {
				ALWAYS_SEARCH_USER_PATHS = NO;
				CLANG_ANALYZER_NONNULL = YES;
				CLANG_CXX_LANGUAGE_STANDARD = "gnu++0x";
				CLANG_CXX_LIBRARY = "libc++";
				CLANG_ENABLE_MODULES = YES;
				CLANG_ENABLE_OBJC_ARC = YES;
				CLANG_WARN_BOOL_CONVERSION = YES;
				CLANG_WARN_CONSTANT_CONVERSION = YES;
				CLANG_WARN_DIRECT_OBJC_ISA_USAGE = YES_ERROR;
				CLANG_WARN_EMPTY_BODY = YES;
				CLANG_WARN_ENUM_CONVERSION = YES;
				CLANG_WARN_INT_CONVERSION = YES;
				CLANG_WARN_OBJC_ROOT_CLASS = YES_ERROR;
				CLANG_WARN_UNREACHABLE_CODE = YES;
				CLANG_WARN__DUPLICATE_METHOD_MATCH = YES;
				"CODE_SIGN_IDENTITY[sdk=iphoneos*]" = "iPhone Developer";
				COPY_PHASE_STRIP = NO;
				DEBUG_INFORMATION_FORMAT = dwarf;
				ENABLE_STRICT_OBJC_MSGSEND = YES;
				ENABLE_TESTABILITY = YES;
				GCC_C_LANGUAGE_STANDARD = gnu99;
				GCC_DYNAMIC_NO_PIC = NO;
				GCC_NO_COMMON_BLOCKS = YES;
				GCC_OPTIMIZATION_LEVEL = 0;
				GCC_PREPROCESSOR_DEFINITIONS = (
					"DEBUG=1",
					"$(inherited)",
				);
				GCC_WARN_64_TO_32_BIT_CONVERSION = YES;
				GCC_WARN_ABOUT_RETURN_TYPE = YES_ERROR;
				GCC_WARN_UNDECLARED_SELECTOR = YES;
				GCC_WARN_UNINITIALIZED_AUTOS = YES_AGGRESSIVE;
				GCC_WARN_UNUSED_FUNCTION = YES;
				GCC_WARN_UNUSED_VARIABLE = YES;
				IPHONEOS_DEPLOYMENT_TARGET = 9.3;
				MTL_ENABLE_DEBUG_INFO = YES;
				ONLY_ACTIVE_ARCH = YES;
				SDKROOT = iphoneos;
				SWIFT_OPTIMIZATION_LEVEL = "-Onone";
				TARGETED_DEVICE_FAMILY = "1,2";
			};
			name = Debug;
		};
		F9F0B9251D5BA0F500490E42 /* Release */ = {
			isa = XCBuildConfiguration;
			buildSettings = {
				ALWAYS_SEARCH_USER_PATHS = NO;
				CLANG_ANALYZER_NONNULL = YES;
				CLANG_CXX_LANGUAGE_STANDARD = "gnu++0x";
				CLANG_CXX_LIBRARY = "libc++";
				CLANG_ENABLE_MODULES = YES;
				CLANG_ENABLE_OBJC_ARC = YES;
				CLANG_WARN_BOOL_CONVERSION = YES;
				CLANG_WARN_CONSTANT_CONVERSION = YES;
				CLANG_WARN_DIRECT_OBJC_ISA_USAGE = YES_ERROR;
				CLANG_WARN_EMPTY_BODY = YES;
				CLANG_WARN_ENUM_CONVERSION = YES;
				CLANG_WARN_INT_CONVERSION = YES;
				CLANG_WARN_OBJC_ROOT_CLASS = YES_ERROR;
				CLANG_WARN_UNREACHABLE_CODE = YES;
				CLANG_WARN__DUPLICATE_METHOD_MATCH = YES;
				"CODE_SIGN_IDENTITY[sdk=iphoneos*]" = "iPhone Developer";
				COPY_PHASE_STRIP = NO;
				DEBUG_INFORMATION_FORMAT = "dwarf-with-dsym";
				ENABLE_NS_ASSERTIONS = NO;
				ENABLE_STRICT_OBJC_MSGSEND = YES;
				GCC_C_LANGUAGE_STANDARD = gnu99;
				GCC_NO_COMMON_BLOCKS = YES;
				GCC_WARN_64_TO_32_BIT_CONVERSION = YES;
				GCC_WARN_ABOUT_RETURN_TYPE = YES_ERROR;
				GCC_WARN_UNDECLARED_SELECTOR = YES;
				GCC_WARN_UNINITIALIZED_AUTOS = YES_AGGRESSIVE;
				GCC_WARN_UNUSED_FUNCTION = YES;
				GCC_WARN_UNUSED_VARIABLE = YES;
				IPHONEOS_DEPLOYMENT_TARGET = 9.3;
				MTL_ENABLE_DEBUG_INFO = NO;
				SDKROOT = iphoneos;
				TARGETED_DEVICE_FAMILY = "1,2";
				VALIDATE_PRODUCT = YES;
			};
			name = Release;
		};
		F9F0B9271D5BA0F500490E42 /* Debug */ = {
			isa = XCBuildConfiguration;
			baseConfigurationReference = 69D600522E027228916A88ED /* Pods-ImageLoader.debug.xcconfig */;
			buildSettings = {
				ASSETCATALOG_COMPILER_APPICON_NAME = AppIcon;
				INFOPLIST_FILE = ImageLoader/Info.plist;
				LD_RUNPATH_SEARCH_PATHS = "$(inherited) @executable_path/Frameworks";
				PRODUCT_BUNDLE_IDENTIFIER = com.practor.example.ImageLoader;
				PRODUCT_NAME = "$(TARGET_NAME)";
			};
			name = Debug;
		};
		F9F0B9281D5BA0F500490E42 /* Release */ = {
			isa = XCBuildConfiguration;
			baseConfigurationReference = 1D8DB443A49A46A083261F09 /* Pods-ImageLoader.release.xcconfig */;
			buildSettings = {
				ASSETCATALOG_COMPILER_APPICON_NAME = AppIcon;
				INFOPLIST_FILE = ImageLoader/Info.plist;
				LD_RUNPATH_SEARCH_PATHS = "$(inherited) @executable_path/Frameworks";
				PRODUCT_BUNDLE_IDENTIFIER = com.practor.example.ImageLoader;
				PRODUCT_NAME = "$(TARGET_NAME)";
			};
			name = Release;
		};
		F9F0B92A1D5BA0F500490E42 /* Debug */ = {
			isa = XCBuildConfiguration;
			buildSettings = {
				BUNDLE_LOADER = "$(TEST_HOST)";
				INFOPLIST_FILE = ImageLoaderTests/Info.plist;
				LD_RUNPATH_SEARCH_PATHS = "$(inherited) @executable_path/Frameworks @loader_path/Frameworks";
				PRODUCT_BUNDLE_IDENTIFIER = com.practor.example.ImageLoaderTests;
				PRODUCT_NAME = "$(TARGET_NAME)";
				TEST_HOST = "$(BUILT_PRODUCTS_DIR)/ImageLoader.app/ImageLoader";
			};
			name = Debug;
		};
		F9F0B92B1D5BA0F500490E42 /* Release */ = {
			isa = XCBuildConfiguration;
			buildSettings = {
				BUNDLE_LOADER = "$(TEST_HOST)";
				INFOPLIST_FILE = ImageLoaderTests/Info.plist;
				LD_RUNPATH_SEARCH_PATHS = "$(inherited) @executable_path/Frameworks @loader_path/Frameworks";
				PRODUCT_BUNDLE_IDENTIFIER = com.practor.example.ImageLoaderTests;
				PRODUCT_NAME = "$(TARGET_NAME)";
				TEST_HOST = "$(BUILT_PRODUCTS_DIR)/ImageLoader.app/ImageLoader";
			};
			name = Release;
		};
		F9F0B92D1D5BA0F500490E42 /* Debug */ = {
			isa = XCBuildConfiguration;
			buildSettings = {
				INFOPLIST_FILE = ImageLoaderUITests/Info.plist;
				LD_RUNPATH_SEARCH_PATHS = "$(inherited) @executable_path/Frameworks @loader_path/Frameworks";
				PRODUCT_BUNDLE_IDENTIFIER = com.practor.example.ImageLoaderUITests;
				PRODUCT_NAME = "$(TARGET_NAME)";
				TEST_TARGET_NAME = ImageLoader;
			};
			name = Debug;
		};
		F9F0B92E1D5BA0F500490E42 /* Release */ = {
			isa = XCBuildConfiguration;
			buildSettings = {
				INFOPLIST_FILE = ImageLoaderUITests/Info.plist;
				LD_RUNPATH_SEARCH_PATHS = "$(inherited) @executable_path/Frameworks @loader_path/Frameworks";
				PRODUCT_BUNDLE_IDENTIFIER = com.practor.example.ImageLoaderUITests;
				PRODUCT_NAME = "$(TARGET_NAME)";
				TEST_TARGET_NAME = ImageLoader;
			};
			name = Release;
		};
/* End XCBuildConfiguration section */

/* Begin XCConfigurationList section */
		F9F0B8F91D5BA0F500490E42 /* Build configuration list for PBXProject "ImageLoader" */ = {
			isa = XCConfigurationList;
			buildConfigurations = (
				F9F0B9241D5BA0F500490E42 /* Debug */,
				F9F0B9251D5BA0F500490E42 /* Release */,
			);
			defaultConfigurationIsVisible = 0;
			defaultConfigurationName = Release;
		};
		F9F0B9261D5BA0F500490E42 /* Build configuration list for PBXNativeTarget "ImageLoader" */ = {
			isa = XCConfigurationList;
			buildConfigurations = (
				F9F0B9271D5BA0F500490E42 /* Debug */,
				F9F0B9281D5BA0F500490E42 /* Release */,
			);
			defaultConfigurationIsVisible = 0;
			defaultConfigurationName = Release;
		};
		F9F0B9291D5BA0F500490E42 /* Build configuration list for PBXNativeTarget "ImageLoaderTests" */ = {
			isa = XCConfigurationList;
			buildConfigurations = (
				F9F0B92A1D5BA0F500490E42 /* Debug */,
				F9F0B92B1D5BA0F500490E42 /* Release */,
			);
			defaultConfigurationIsVisible = 0;
			defaultConfigurationName = Release;
		};
		F9F0B92C1D5BA0F500490E42 /* Build configuration list for PBXNativeTarget "ImageLoaderUITests" */ = {
			isa = XCConfigurationList;
			buildConfigurations = (
				F9F0B92D1D5BA0F500490E42 /* Debug */,
				F9F0B92E1D5BA0F500490E42 /* Release */,
			);
			defaultConfigurationIsVisible = 0;
			defaultConfigurationName = Release;
		};
/* End XCConfigurationList section */
	};
	rootObject = F9F0B8F61D5BA0F500490E42 /* Project object */;
}
